
Microsoft Visual Studio Solution File, Format Version 12.00
# Visual Studio Version 17
VisualStudioVersion = 17.14.36310.24 d17.14
MinimumVisualStudioVersion = 10.0.40219.1
Project("{FAE04EC0-301F-11D3-BF4B-00C04F79EFBC}") = "BusApi", "BusApi.csproj", "{594BBC57-3F65-4950-B940-596AB3BC223B}"
EndProject
Global
	GlobalSection(SolutionConfigurationPlatforms) = preSolution
		Debug|Any CPU = Debug|Any CPU
		Release|Any CPU = Release|Any CPU
	EndGlobalSection
	GlobalSection(ProjectConfigurationPlatforms) = postSolution
		{594BBC57-3F65-4950-B940-596AB3BC223B}.Debug|Any CPU.ActiveCfg = Debug|Any CPU
		{594BBC57-3F65-4950-B940-596AB3BC223B}.Debug|Any CPU.Build.0 = Debug|Any CPU
		{594BBC57-3F65-4950-B940-596AB3BC223B}.Release|Any CPU.ActiveCfg = Release|Any CPU
		{594BBC57-3F65-4950-B940-596AB3BC223B}.Release|Any CPU.Build.0 = Release|Any CPU
	EndGlobalSection
	GlobalSection(SolutionProperties) = preSolution
		HideSolutionNode = FALSE
	EndGlobalSection
	GlobalSection(ExtensibilityGlobals) = postSolution
		SolutionGuid = {81E23D7E-6882-45BA-BB98-C3A927F43010}
	EndGlobalSection
EndGlobal
